
Microsoft Visual Studio Solution File, Format Version 12.00
# Visual Studio 15
VisualStudioVersion = 15.0.28306.52
MinimumVisualStudioVersion = 10.0.40219.1
Project("{FAE04EC0-301F-11D3-BF4B-00C04F79EFBC}") = "WebApplication1", "WebApplication1\WebApplication1.csproj", "{4B0003B3-20D8-4BF0-8CC4-8E250277C84D}"
EndProject
Global
	GlobalSection(SolutionConfigurationPlatforms) = preSolution
		Debug|Any CPU = Debug|Any CPU
		Release|Any CPU = Release|Any CPU
	EndGlobalSection
	GlobalSection(ProjectConfigurationPlatforms) = postSolution
		{4B0003B3-20D8-4BF0-8CC4-8E250277C84D}.Debug|Any CPU.ActiveCfg = Debug|Any CPU
		{4B0003B3-20D8-4BF0-8CC4-8E250277C84D}.Debug|Any CPU.Build.0 = Debug|Any CPU
		{4B0003B3-20D8-4BF0-8CC4-8E250277C84D}.Release|Any CPU.ActiveCfg = Release|Any CPU
		{4B0003B3-20D8-4BF0-8CC4-8E250277C84D}.Release|Any CPU.Build.0 = Release|Any CPU
	EndGlobalSection
	GlobalSection(SolutionProperties) = preSolution
		HideSolutionNode = FALSE
	EndGlobalSection
	GlobalSection(ExtensibilityGlobals) = postSolution
		SolutionGuid = {6D0B0B08-1445-43F2-8732-37A9B6202617}
	EndGlobalSection
EndGlobal
